
Microsoft Visual Studio Solution File, Format Version 12.00
# Visual Studio Version 16
VisualStudioVersion = 16.0.30523.141
MinimumVisualStudioVersion = 10.0.40219.1
Project("{FAE04EC0-301F-11D3-BF4B-00C04F79EFBC}") = "Inlämning1", "Inlämning1\Inlämning1.csproj", "{4104F2DC-6013-478D-98BF-9AAE51CCDF5E}"
EndProject
Global
	GlobalSection(SolutionConfigurationPlatforms) = preSolution
		Debug|Any CPU = Debug|Any CPU
		Release|Any CPU = Release|Any CPU
	EndGlobalSection
	GlobalSection(ProjectConfigurationPlatforms) = postSolution
		{4104F2DC-6013-478D-98BF-9AAE51CCDF5E}.Debug|Any CPU.ActiveCfg = Debug|Any CPU
		{4104F2DC-6013-478D-98BF-9AAE51CCDF5E}.Debug|Any CPU.Build.0 = Debug|Any CPU
		{4104F2DC-6013-478D-98BF-9AAE51CCDF5E}.Release|Any CPU.ActiveCfg = Release|Any CPU
		{4104F2DC-6013-478D-98BF-9AAE51CCDF5E}.Release|Any CPU.Build.0 = Release|Any CPU
	EndGlobalSection
	GlobalSection(SolutionProperties) = preSolution
		HideSolutionNode = FALSE
	EndGlobalSection
	GlobalSection(ExtensibilityGlobals) = postSolution
		SolutionGuid = {20AAFDB3-6E1A-4354-A053-D5F0AAF29F3C}
	EndGlobalSection
EndGlobal
